// !$*UTF8*$!
{
	archiveVersion = 1;
	classes = {
	};
	objectVersion = 50;
	objects = {

/* Begin PBXBuildFile section */
		E8175AE124C41E53005C3944 /* AppDelegate.swift in Sources */ = {isa = PBXBuildFile; fileRef = E8175AE024C41E53005C3944 /* AppDelegate.swift */; };
		E8175AE324C41E53005C3944 /* SceneDelegate.swift in Sources */ = {isa = PBXBuildFile; fileRef = E8175AE224C41E53005C3944 /* SceneDelegate.swift */; };
		E8175AE524C41E53005C3944 /* ContentView.swift in Sources */ = {isa = PBXBuildFile; fileRef = E8175AE424C41E53005C3944 /* ContentView.swift */; };
		E8175AE724C41E58005C3944 /* Assets.xcassets in Resources */ = {isa = PBXBuildFile; fileRef = E8175AE624C41E58005C3944 /* Assets.xcassets */; };
		E8175AEA24C41E58005C3944 /* Preview Assets.xcassets in Resources */ = {isa = PBXBuildFile; fileRef = E8175AE924C41E58005C3944 /* Preview Assets.xcassets */; };
		E8175AED24C41E58005C3944 /* LaunchScreen.storyboard in Resources */ = {isa = PBXBuildFile; fileRef = E8175AEB24C41E58005C3944 /* LaunchScreen.storyboard */; };
		E8175AF924C41EA4005C3944 /* AppView.swift in Sources */ = {isa = PBXBuildFile; fileRef = E8175AF824C41EA4005C3944 /* AppView.swift */; };
		E8175AFB24C41F4B005C3944 /* HomeView.swift in Sources */ = {isa = PBXBuildFile; fileRef = E8175AFA24C41F4B005C3944 /* HomeView.swift */; };
		E8175B0124C43148005C3944 /* AddRequestView.swift in Sources */ = {isa = PBXBuildFile; fileRef = E8175B0024C43148005C3944 /* AddRequestView.swift */; };
		E8175B0324C4315C005C3944 /* ReportView.swift in Sources */ = {isa = PBXBuildFile; fileRef = E8175B0224C4315C005C3944 /* ReportView.swift */; };
		E8175B0524C4316D005C3944 /* TransactionView.swift in Sources */ = {isa = PBXBuildFile; fileRef = E8175B0424C4316D005C3944 /* TransactionView.swift */; };
		E8175B0724C446EF005C3944 /* Category.swift in Sources */ = {isa = PBXBuildFile; fileRef = E8175B0624C446EF005C3944 /* Category.swift */; };
		E8175B0A24C448C4005C3944 /* SummaryView.swift in Sources */ = {isa = PBXBuildFile; fileRef = E8175B0924C448C4005C3944 /* SummaryView.swift */; };
		E842165024C56D8400E2920E /* PropertyDetailView.swift in Sources */ = {isa = PBXBuildFile; fileRef = E842164F24C56D8400E2920E /* PropertyDetailView.swift */; };
		E8692A8424C4B7DE008A774D /* MoveView.swift in Sources */ = {isa = PBXBuildFile; fileRef = E8692A8324C4B7DE008A774D /* MoveView.swift */; };
		E874011A24C4C71700265271 /* PropertyCell.swift in Sources */ = {isa = PBXBuildFile; fileRef = E874011924C4C71700265271 /* PropertyCell.swift */; };
		E874011C24C4C8BB00265271 /* ServiceCategory.swift in Sources */ = {isa = PBXBuildFile; fileRef = E874011B24C4C8BB00265271 /* ServiceCategory.swift */; };
		E874011E24C4C9DC00265271 /* PropertyView.swift in Sources */ = {isa = PBXBuildFile; fileRef = E874011D24C4C9DC00265271 /* PropertyView.swift */; };
		E874012024C4CDD300265271 /* ServiceView.swift in Sources */ = {isa = PBXBuildFile; fileRef = E874011F24C4CDD300265271 /* ServiceView.swift */; };
		E881573324C5FA11008802E1 /* WelcomeView.swift in Sources */ = {isa = PBXBuildFile; fileRef = E881573224C5FA11008802E1 /* WelcomeView.swift */; };
/* End PBXBuildFile section */

/* Begin PBXFileReference section */
		E8175ADD24C41E53005C3944 /* Prory.app */ = {isa = PBXFileReference; explicitFileType = wrapper.application; includeInIndex = 0; path = Prory.app; sourceTree = BUILT_PRODUCTS_DIR; };
		E8175AE024C41E53005C3944 /* AppDelegate.swift */ = {isa = PBXFileReference; lastKnownFileType = sourcecode.swift; path = AppDelegate.swift; sourceTree = "<group>"; };
		E8175AE224C41E53005C3944 /* SceneDelegate.swift */ = {isa = PBXFileReference; lastKnownFileType = sourcecode.swift; path = SceneDelegate.swift; sourceTree = "<group>"; };
		E8175AE424C41E53005C3944 /* ContentView.swift */ = {isa = PBXFileReference; lastKnownFileType = sourcecode.swift; path = ContentView.swift; sourceTree = "<group>"; };
		E8175AE624C41E58005C3944 /* Assets.xcassets */ = {isa = PBXFileReference; lastKnownFileType = folder.assetcatalog; path = Assets.xcassets; sourceTree = "<group>"; };
		E8175AE924C41E58005C3944 /* Preview Assets.xcassets */ = {isa = PBXFileReference; lastKnownFileType = folder.assetcatalog; path = "Preview Assets.xcassets"; sourceTree = "<group>"; };
		E8175AEC24C41E58005C3944 /* Base */ = {isa = PBXFileReference; lastKnownFileType = file.storyboard; name = Base; path = Base.lproj/LaunchScreen.storyboard; sourceTree = "<group>"; };
		E8175AEE24C41E58005C3944 /* Info.plist */ = {isa = PBXFileReference; lastKnownFileType = text.plist.xml; path = Info.plist; sourceTree = "<group>"; };
		E8175AF824C41EA4005C3944 /* AppView.swift */ = {isa = PBXFileReference; lastKnownFileType = sourcecode.swift; path = AppView.swift; sourceTree = "<group>"; };
		E8175AFA24C41F4B005C3944 /* HomeView.swift */ = {isa = PBXFileReference; lastKnownFileType = sourcecode.swift; path = HomeView.swift; sourceTree = "<group>"; };
		E8175B0024C43148005C3944 /* AddRequestView.swift */ = {isa = PBXFileReference; lastKnownFileType = sourcecode.swift; path = AddRequestView.swift; sourceTree = "<group>"; };
		E8175B0224C4315C005C3944 /* ReportView.swift */ = {isa = PBXFileReference; lastKnownFileType = sourcecode.swift; path = ReportView.swift; sourceTree = "<group>"; };
		E8175B0424C4316D005C3944 /* TransactionView.swift */ = {isa = PBXFileReference; lastKnownFileType = sourcecode.swift; path = TransactionView.swift; sourceTree = "<group>"; };
		E8175B0624C446EF005C3944 /* Category.swift */ = {isa = PBXFileReference; lastKnownFileType = sourcecode.swift; path = Category.swift; sourceTree = "<group>"; };
		E8175B0924C448C4005C3944 /* SummaryView.swift */ = {isa = PBXFileReference; lastKnownFileType = sourcecode.swift; path = SummaryView.swift; sourceTree = "<group>"; };
		E842164F24C56D8400E2920E /* PropertyDetailView.swift */ = {isa = PBXFileReference; lastKnownFileType = sourcecode.swift; path = PropertyDetailView.swift; sourceTree = "<group>"; };
		E8692A8324C4B7DE008A774D /* MoveView.swift */ = {isa = PBXFileReference; lastKnownFileType = sourcecode.swift; path = MoveView.swift; sourceTree = "<group>"; };
		E874011924C4C71700265271 /* PropertyCell.swift */ = {isa = PBXFileReference; lastKnownFileType = sourcecode.swift; path = PropertyCell.swift; sourceTree = "<group>"; };
		E874011B24C4C8BB00265271 /* ServiceCategory.swift */ = {isa = PBXFileReference; lastKnownFileType = sourcecode.swift; path = ServiceCategory.swift; sourceTree = "<group>"; };
		E874011D24C4C9DC00265271 /* PropertyView.swift */ = {isa = PBXFileReference; lastKnownFileType = sourcecode.swift; path = PropertyView.swift; sourceTree = "<group>"; };
		E874011F24C4CDD300265271 /* ServiceView.swift */ = {isa = PBXFileReference; lastKnownFileType = sourcecode.swift; path = ServiceView.swift; sourceTree = "<group>"; };
		E881573224C5FA11008802E1 /* WelcomeView.swift */ = {isa = PBXFileReference; lastKnownFileType = sourcecode.swift; path = WelcomeView.swift; sourceTree = "<group>"; };
/* End PBXFileReference section */

/* Begin PBXFrameworksBuildPhase section */
		E8175ADA24C41E53005C3944 /* Frameworks */ = {
			isa = PBXFrameworksBuildPhase;
			buildActionMask = 2147483647;
			files = (
			);
			runOnlyForDeploymentPostprocessing = 0;
		};
/* End PBXFrameworksBuildPhase section */

/* Begin PBXGroup section */
		E8175AD424C41E53005C3944 = {
			isa = PBXGroup;
			children = (
				E8175ADF24C41E53005C3944 /* Prory */,
				E8175ADE24C41E53005C3944 /* Products */,
			);
			sourceTree = "<group>";
		};
		E8175ADE24C41E53005C3944 /* Products */ = {
			isa = PBXGroup;
			children = (
				E8175ADD24C41E53005C3944 /* Prory.app */,
			);
			name = Products;
			sourceTree = "<group>";
		};
		E8175ADF24C41E53005C3944 /* Prory */ = {
			isa = PBXGroup;
			children = (
				E8175AF724C41E7D005C3944 /* Model */,
				E8175AF624C41E75005C3944 /* View */,
				E8175AE024C41E53005C3944 /* AppDelegate.swift */,
				E8175AE224C41E53005C3944 /* SceneDelegate.swift */,
				E8175AE424C41E53005C3944 /* ContentView.swift */,
				E8175AE624C41E58005C3944 /* Assets.xcassets */,
				E8175AEB24C41E58005C3944 /* LaunchScreen.storyboard */,
				E8175AEE24C41E58005C3944 /* Info.plist */,
				E8175AE824C41E58005C3944 /* Preview Content */,
			);
			path = Prory;
			sourceTree = "<group>";
		};
		E8175AE824C41E58005C3944 /* Preview Content */ = {
			isa = PBXGroup;
			children = (
				E8175AE924C41E58005C3944 /* Preview Assets.xcassets */,
			);
			path = "Preview Content";
			sourceTree = "<group>";
		};
		E8175AF624C41E75005C3944 /* View */ = {
			isa = PBXGroup;
			children = (
				E842165224C5C45500E2920E /* Transaction */,
				E8692A8624C4C201008A774D /* Service */,
				E8175B1024C4B138005C3944 /* Report */,
				E8175B0824C44895005C3944 /* Home */,
				E8175AF824C41EA4005C3944 /* AppView.swift */,
				E881573224C5FA11008802E1 /* WelcomeView.swift */,
			);
			path = View;
			sourceTree = "<group>";
		};
		E8175AF724C41E7D005C3944 /* Model */ = {
			isa = PBXGroup;
			children = (
				E8175B0624C446EF005C3944 /* Category.swift */,
			);
			path = Model;
			sourceTree = "<group>";
		};
		E8175B0824C44895005C3944 /* Home */ = {
			isa = PBXGroup;
			children = (
				E8175AFA24C41F4B005C3944 /* HomeView.swift */,
				E8175B0924C448C4005C3944 /* SummaryView.swift */,
				E874011D24C4C9DC00265271 /* PropertyView.swift */,
				E842164F24C56D8400E2920E /* PropertyDetailView.swift */,
			);
			path = Home;
			sourceTree = "<group>";
		};
		E8175B1024C4B138005C3944 /* Report */ = {
			isa = PBXGroup;
			children = (
				E8175B0224C4315C005C3944 /* ReportView.swift */,
				E8692A8324C4B7DE008A774D /* MoveView.swift */,
			);
			path = Report;
			sourceTree = "<group>";
		};
		E842165224C5C45500E2920E /* Transaction */ = {
			isa = PBXGroup;
			children = (
				E8175B0424C4316D005C3944 /* TransactionView.swift */,
			);
			path = Transaction;
			sourceTree = "<group>";
		};
		E8692A8624C4C201008A774D /* Service */ = {
			isa = PBXGroup;
			children = (
				E8175B0024C43148005C3944 /* AddRequestView.swift */,
				E874011924C4C71700265271 /* PropertyCell.swift */,
				E874011B24C4C8BB00265271 /* ServiceCategory.swift */,
				E874011F24C4CDD300265271 /* ServiceView.swift */,
			);
			path = Service;
			sourceTree = "<group>";
		};
/* End PBXGroup section */

/* Begin PBXNativeTarget section */
		E8175ADC24C41E53005C3944 /* Prory */ = {
			isa = PBXNativeTarget;
			buildConfigurationList = E8175AF124C41E58005C3944 /* Build configuration list for PBXNativeTarget "Prory" */;
			buildPhases = (
				E8175AD924C41E53005C3944 /* Sources */,
				E8175ADA24C41E53005C3944 /* Frameworks */,
				E8175ADB24C41E53005C3944 /* Resources */,
			);
			buildRules = (
			);
			dependencies = (
			);
			name = Prory;
			productName = Prory;
			productReference = E8175ADD24C41E53005C3944 /* Prory.app */;
			productType = "com.apple.product-type.application";
		};
/* End PBXNativeTarget section */

/* Begin PBXProject section */
		E8175AD524C41E53005C3944 /* Project object */ = {
			isa = PBXProject;
			attributes = {
				LastSwiftUpdateCheck = 1150;
				LastUpgradeCheck = 1150;
				ORGANIZATIONNAME = edwin;
				TargetAttributes = {
					E8175ADC24C41E53005C3944 = {
						CreatedOnToolsVersion = 11.5;
					};
				};
			};
			buildConfigurationList = E8175AD824C41E53005C3944 /* Build configuration list for PBXProject "Prory" */;
			compatibilityVersion = "Xcode 9.3";
			developmentRegion = en;
			hasScannedForEncodings = 0;
			knownRegions = (
				en,
				Base,
			);
			mainGroup = E8175AD424C41E53005C3944;
			productRefGroup = E8175ADE24C41E53005C3944 /* Products */;
			projectDirPath = "";
			projectRoot = "";
			targets = (
				E8175ADC24C41E53005C3944 /* Prory */,
			);
		};
/* End PBXProject section */

/* Begin PBXResourcesBuildPhase section */
		E8175ADB24C41E53005C3944 /* Resources */ = {
			isa = PBXResourcesBuildPhase;
			buildActionMask = 2147483647;
			files = (
				E8175AED24C41E58005C3944 /* LaunchScreen.storyboard in Resources */,
				E8175AEA24C41E58005C3944 /* Preview Assets.xcassets in Resources */,
				E8175AE724C41E58005C3944 /* Assets.xcassets in Resources */,
			);
			runOnlyForDeploymentPostprocessing = 0;
		};
/* End PBXResourcesBuildPhase section */

/* Begin PBXSourcesBuildPhase section */
		E8175AD924C41E53005C3944 /* Sources */ = {
			isa = PBXSourcesBuildPhase;
			buildActionMask = 2147483647;
			files = (
				E8175AF924C41EA4005C3944 /* AppView.swift in Sources */,
				E8175B0524C4316D005C3944 /* TransactionView.swift in Sources */,
				E874011C24C4C8BB00265271 /* ServiceCategory.swift in Sources */,
				E8175AE124C41E53005C3944 /* AppDelegate.swift in Sources */,
				E8175B0124C43148005C3944 /* AddRequestView.swift in Sources */,
				E881573324C5FA11008802E1 /* WelcomeView.swift in Sources */,
				E874012024C4CDD300265271 /* ServiceView.swift in Sources */,
				E842165024C56D8400E2920E /* PropertyDetailView.swift in Sources */,
				E874011E24C4C9DC00265271 /* PropertyView.swift in Sources */,
				E8692A8424C4B7DE008A774D /* MoveView.swift in Sources */,
				E8175AE324C41E53005C3944 /* SceneDelegate.swift in Sources */,
				E874011A24C4C71700265271 /* PropertyCell.swift in Sources */,
				E8175B0724C446EF005C3944 /* Category.swift in Sources */,
				E8175B0324C4315C005C3944 /* ReportView.swift in Sources */,
				E8175B0A24C448C4005C3944 /* SummaryView.swift in Sources */,
				E8175AFB24C41F4B005C3944 /* HomeView.swift in Sources */,
				E8175AE524C41E53005C3944 /* ContentView.swift in Sources */,
			);
			runOnlyForDeploymentPostprocessing = 0;
		};
/* End PBXSourcesBuildPhase section */

/* Begin PBXVariantGroup section */
		E8175AEB24C41E58005C3944 /* LaunchScreen.storyboard */ = {
			isa = PBXVariantGroup;
			children = (
				E8175AEC24C41E58005C3944 /* Base */,
			);
			name = LaunchScreen.storyboard;
			sourceTree = "<group>";
		};
/* End PBXVariantGroup section */

/* Begin XCBuildConfiguration section */
		E8175AEF24C41E58005C3944 /* Debug */ = {
			isa = XCBuildConfiguration;
			buildSettings = {
				ALWAYS_SEARCH_USER_PATHS = NO;
				CLANG_ANALYZER_NONNULL = YES;
				CLANG_ANALYZER_NUMBER_OBJECT_CONVERSION = YES_AGGRESSIVE;
				CLANG_CXX_LANGUAGE_STANDARD = "gnu++14";
				CLANG_CXX_LIBRARY = "libc++";
				CLANG_ENABLE_MODULES = YES;
				CLANG_ENABLE_OBJC_ARC = YES;
				CLANG_ENABLE_OBJC_WEAK = YES;
				CLANG_WARN_BLOCK_CAPTURE_AUTORELEASING = YES;
				CLANG_WARN_BOOL_CONVERSION = YES;
				CLANG_WARN_COMMA = YES;
				CLANG_WARN_CONSTANT_CONVERSION = YES;
				CLANG_WARN_DEPRECATED_OBJC_IMPLEMENTATIONS = YES;
				CLANG_WARN_DIRECT_OBJC_ISA_USAGE = YES_ERROR;
				CLANG_WARN_DOCUMENTATION_COMMENTS = YES;
				CLANG_WARN_EMPTY_BODY = YES;
				CLANG_WARN_ENUM_CONVERSION = YES;
				CLANG_WARN_INFINITE_RECURSION = YES;
				CLANG_WARN_INT_CONVERSION = YES;
				CLANG_WARN_NON_LITERAL_NULL_CONVERSION = YES;
				CLANG_WARN_OBJC_IMPLICIT_RETAIN_SELF = YES;
				CLANG_WARN_OBJC_LITERAL_CONVERSION = YES;
				CLANG_WARN_OBJC_ROOT_CLASS = YES_ERROR;
				CLANG_WARN_RANGE_LOOP_ANALYSIS = YES;
				CLANG_WARN_STRICT_PROTOTYPES = YES;
				CLANG_WARN_SUSPICIOUS_MOVE = YES;
				CLANG_WARN_UNGUARDED_AVAILABILITY = YES_AGGRESSIVE;
				CLANG_WARN_UNREACHABLE_CODE = YES;
				CLANG_WARN__DUPLICATE_METHOD_MATCH = YES;
				COPY_PHASE_STRIP = NO;
				DEBUG_INFORMATION_FORMAT = dwarf;
				ENABLE_STRICT_OBJC_MSGSEND = YES;
				ENABLE_TESTABILITY = YES;
				GCC_C_LANGUAGE_STANDARD = gnu11;
				GCC_DYNAMIC_NO_PIC = NO;
				GCC_NO_COMMON_BLOCKS = YES;
				GCC_OPTIMIZATION_LEVEL = 0;
				GCC_PREPROCESSOR_DEFINITIONS = (
					"DEBUG=1",
					"$(inherited)",
				);
				GCC_WARN_64_TO_32_BIT_CONVERSION = YES;
				GCC_WARN_ABOUT_RETURN_TYPE = YES_ERROR;
				GCC_WARN_UNDECLARED_SELECTOR = YES;
				GCC_WARN_UNINITIALIZED_AUTOS = YES_AGGRESSIVE;
				GCC_WARN_UNUSED_FUNCTION = YES;
				GCC_WARN_UNUSED_VARIABLE = YES;
				IPHONEOS_DEPLOYMENT_TARGET = 13.5;
				MTL_ENABLE_DEBUG_INFO = INCLUDE_SOURCE;
				MTL_FAST_MATH = YES;
				ONLY_ACTIVE_ARCH = YES;
				SDKROOT = iphoneos;
				SWIFT_ACTIVE_COMPILATION_CONDITIONS = DEBUG;
				SWIFT_OPTIMIZATION_LEVEL = "-Onone";
			};
			name = Debug;
		};
		E8175AF024C41E58005C3944 /* Release */ = {
			isa = XCBuildConfiguration;
			buildSettings = {
				ALWAYS_SEARCH_USER_PATHS = NO;
				CLANG_ANALYZER_NONNULL = YES;
				CLANG_ANALYZER_NUMBER_OBJECT_CONVERSION = YES_AGGRESSIVE;
				CLANG_CXX_LANGUAGE_STANDARD = "gnu++14";
				CLANG_CXX_LIBRARY = "libc++";
				CLANG_ENABLE_MODULES = YES;
				CLANG_ENABLE_OBJC_ARC = YES;
				CLANG_ENABLE_OBJC_WEAK = YES;
				CLANG_WARN_BLOCK_CAPTURE_AUTORELEASING = YES;
				CLANG_WARN_BOOL_CONVERSION = YES;
				CLANG_WARN_COMMA = YES;
				CLANG_WARN_CONSTANT_CONVERSION = YES;
				CLANG_WARN_DEPRECATED_OBJC_IMPLEMENTATIONS = YES;
				CLANG_WARN_DIRECT_OBJC_ISA_USAGE = YES_ERROR;
				CLANG_WARN_DOCUMENTATION_COMMENTS = YES;
				CLANG_WARN_EMPTY_BODY = YES;
				CLANG_WARN_ENUM_CONVERSION = YES;
				CLANG_WARN_INFINITE_RECURSION = YES;
				CLANG_WARN_INT_CONVERSION = YES;
				CLANG_WARN_NON_LITERAL_NULL_CONVERSION = YES;
				CLANG_WARN_OBJC_IMPLICIT_RETAIN_SELF = YES;
				CLANG_WARN_OBJC_LITERAL_CONVERSION = YES;
				CLANG_WARN_OBJC_ROOT_CLASS = YES_ERROR;
				CLANG_WARN_RANGE_LOOP_ANALYSIS = YES;
				CLANG_WARN_STRICT_PROTOTYPES = YES;
				CLANG_WARN_SUSPICIOUS_MOVE = YES;
				CLANG_WARN_UNGUARDED_AVAILABILITY = YES_AGGRESSIVE;
				CLANG_WARN_UNREACHABLE_CODE = YES;
				CLANG_WARN__DUPLICATE_METHOD_MATCH = YES;
				COPY_PHASE_STRIP = NO;
				DEBUG_INFORMATION_FORMAT = "dwarf-with-dsym";
				ENABLE_NS_ASSERTIONS = NO;
				ENABLE_STRICT_OBJC_MSGSEND = YES;
				GCC_C_LANGUAGE_STANDARD = gnu11;
				GCC_NO_COMMON_BLOCKS = YES;
				GCC_WARN_64_TO_32_BIT_CONVERSION = YES;
				GCC_WARN_ABOUT_RETURN_TYPE = YES_ERROR;
				GCC_WARN_UNDECLARED_SELECTOR = YES;
				GCC_WARN_UNINITIALIZED_AUTOS = YES_AGGRESSIVE;
				GCC_WARN_UNUSED_FUNCTION = YES;
				GCC_WARN_UNUSED_VARIABLE = YES;
				IPHONEOS_DEPLOYMENT_TARGET = 13.5;
				MTL_ENABLE_DEBUG_INFO = NO;
				MTL_FAST_MATH = YES;
				SDKROOT = iphoneos;
				SWIFT_COMPILATION_MODE = wholemodule;
				SWIFT_OPTIMIZATION_LEVEL = "-O";
				VALIDATE_PRODUCT = YES;
			};
			name = Release;
		};
		E8175AF224C41E58005C3944 /* Debug */ = {
			isa = XCBuildConfiguration;
			buildSettings = {
				ASSETCATALOG_COMPILER_APPICON_NAME = AppIcon;
				CODE_SIGN_STYLE = Automatic;
				DEVELOPMENT_ASSET_PATHS = "\"Prory/Preview Content\"";
				DEVELOPMENT_TEAM = 4FM95QADU2;
				ENABLE_PREVIEWS = YES;
				INFOPLIST_FILE = Prory/Info.plist;
				LD_RUNPATH_SEARCH_PATHS = (
					"$(inherited)",
					"@executable_path/Frameworks",
				);
				PRODUCT_BUNDLE_IDENTIFIER = edwin.Prory;
				PRODUCT_NAME = "$(TARGET_NAME)";
				SWIFT_VERSION = 5.0;
				TARGETED_DEVICE_FAMILY = "1,2";
			};
			name = Debug;
		};
		E8175AF324C41E58005C3944 /* Release */ = {
			isa = XCBuildConfiguration;
			buildSettings = {
				ASSETCATALOG_COMPILER_APPICON_NAME = AppIcon;
				CODE_SIGN_STYLE = Automatic;
				DEVELOPMENT_ASSET_PATHS = "\"Prory/Preview Content\"";
				DEVELOPMENT_TEAM = 4FM95QADU2;
				ENABLE_PREVIEWS = YES;
				INFOPLIST_FILE = Prory/Info.plist;
				LD_RUNPATH_SEARCH_PATHS = (
					"$(inherited)",
					"@executable_path/Frameworks",
				);
				PRODUCT_BUNDLE_IDENTIFIER = edwin.Prory;
				PRODUCT_NAME = "$(TARGET_NAME)";
				SWIFT_VERSION = 5.0;
				TARGETED_DEVICE_FAMILY = "1,2";
			};
			name = Release;
		};
/* End XCBuildConfiguration section */

/* Begin XCConfigurationList section */
		E8175AD824C41E53005C3944 /* Build configuration list for PBXProject "Prory" */ = {
			isa = XCConfigurationList;
			buildConfigurations = (
				E8175AEF24C41E58005C3944 /* Debug */,
				E8175AF024C41E58005C3944 /* Release */,
			);
			defaultConfigurationIsVisible = 0;
			defaultConfigurationName = Release;
		};
		E8175AF124C41E58005C3944 /* Build configuration list for PBXNativeTarget "Prory" */ = {
			isa = XCConfigurationList;
			buildConfigurations = (
				E8175AF224C41E58005C3944 /* Debug */,
				E8175AF324C41E58005C3944 /* Release */,
			);
			defaultConfigurationIsVisible = 0;
			defaultConfigurationName = Release;
		};
/* End XCConfigurationList section */
	};
	rootObject = E8175AD524C41E53005C3944 /* Project object */;
}
